
Microsoft Visual Studio Solution File, Format Version 12.00
# Visual Studio Version 17
VisualStudioVersion = 17.7.34024.191
MinimumVisualStudioVersion = 10.0.40219.1
Project("{FAE04EC0-301F-11D3-BF4B-00C04F79EFBC}") = "eTicketsNew", "eTicketsNew\eTicketsNew.csproj", "{3ACC524E-D974-4C26-81B7-EB473C710A70}"
EndProject
Global
	GlobalSection(SolutionConfigurationPlatforms) = preSolution
		Debug|Any CPU = Debug|Any CPU
		Release|Any CPU = Release|Any CPU
	EndGlobalSection
	GlobalSection(ProjectConfigurationPlatforms) = postSolution
		{3ACC524E-D974-4C26-81B7-EB473C710A70}.Debug|Any CPU.ActiveCfg = Debug|Any CPU
		{3ACC524E-D974-4C26-81B7-EB473C710A70}.Debug|Any CPU.Build.0 = Debug|Any CPU
		{3ACC524E-D974-4C26-81B7-EB473C710A70}.Release|Any CPU.ActiveCfg = Release|Any CPU
		{3ACC524E-D974-4C26-81B7-EB473C710A70}.Release|Any CPU.Build.0 = Release|Any CPU
	EndGlobalSection
	GlobalSection(SolutionProperties) = preSolution
		HideSolutionNode = FALSE
	EndGlobalSection
	GlobalSection(ExtensibilityGlobals) = postSolution
		SolutionGuid = {AEE623ED-5AE1-43D8-8E45-E6481F06DABB}
	EndGlobalSection
EndGlobal
